// !$*UTF8*$!
{
	archiveVersion = 1;
	classes = {
	};
	objectVersion = 46;
	objects = {

/* Begin PBXBuildFile section */
		4A7053C4CB199941A6EFF6AE /* libPods-RoadView.a in Frameworks */ = {isa = PBXBuildFile; fileRef = 661F6C18F33670C1D0AA4DFB /* libPods-RoadView.a */; };
		C8AD8BC81E8DBE730095AD99 /* AppDelegate.swift in Sources */ = {isa = PBXBuildFile; fileRef = C8AD8BC71E8DBE730095AD99 /* AppDelegate.swift */; };
		C8AD8BCA1E8DBE730095AD99 /* ViewController.swift in Sources */ = {isa = PBXBuildFile; fileRef = C8AD8BC91E8DBE730095AD99 /* ViewController.swift */; };
		C8AD8BCD1E8DBE730095AD99 /* Main.storyboard in Resources */ = {isa = PBXBuildFile; fileRef = C8AD8BCB1E8DBE730095AD99 /* Main.storyboard */; };
		C8AD8BD01E8DBE730095AD99 /* RoadView.xcdatamodeld in Sources */ = {isa = PBXBuildFile; fileRef = C8AD8BCE1E8DBE730095AD99 /* RoadView.xcdatamodeld */; };
		C8AD8BD21E8DBE730095AD99 /* Assets.xcassets in Resources */ = {isa = PBXBuildFile; fileRef = C8AD8BD11E8DBE730095AD99 /* Assets.xcassets */; };
		C8AD8BD51E8DBE730095AD99 /* LaunchScreen.storyboard in Resources */ = {isa = PBXBuildFile; fileRef = C8AD8BD31E8DBE730095AD99 /* LaunchScreen.storyboard */; };
		C8AD8BE01E8DBF440095AD99 /* MapTasks.swift in Sources */ = {isa = PBXBuildFile; fileRef = C8AD8BDF1E8DBF440095AD99 /* MapTasks.swift */; };
		C8AD8BE31E8DCED40095AD99 /* search.png in Resources */ = {isa = PBXBuildFile; fileRef = C8AD8BE21E8DCED40095AD99 /* search.png */; };
/* End PBXBuildFile section */

/* Begin PBXFileReference section */
		2B629E53CF6BA92C99043CA3 /* Pods-RoadView.release.xcconfig */ = {isa = PBXFileReference; includeInIndex = 1; lastKnownFileType = text.xcconfig; name = "Pods-RoadView.release.xcconfig"; path = "Pods/Target Support Files/Pods-RoadView/Pods-RoadView.release.xcconfig"; sourceTree = "<group>"; };
		661F6C18F33670C1D0AA4DFB /* libPods-RoadView.a */ = {isa = PBXFileReference; explicitFileType = archive.ar; includeInIndex = 0; path = "libPods-RoadView.a"; sourceTree = BUILT_PRODUCTS_DIR; };
		C8AD8BC41E8DBE730095AD99 /* RoadView.app */ = {isa = PBXFileReference; explicitFileType = wrapper.application; includeInIndex = 0; path = RoadView.app; sourceTree = BUILT_PRODUCTS_DIR; };
		C8AD8BC71E8DBE730095AD99 /* AppDelegate.swift */ = {isa = PBXFileReference; lastKnownFileType = sourcecode.swift; path = AppDelegate.swift; sourceTree = "<group>"; };
		C8AD8BC91E8DBE730095AD99 /* ViewController.swift */ = {isa = PBXFileReference; lastKnownFileType = sourcecode.swift; path = ViewController.swift; sourceTree = "<group>"; };
		C8AD8BCC1E8DBE730095AD99 /* Base */ = {isa = PBXFileReference; lastKnownFileType = file.storyboard; name = Base; path = Base.lproj/Main.storyboard; sourceTree = "<group>"; };
		C8AD8BCF1E8DBE730095AD99 /* RoadView.xcdatamodel */ = {isa = PBXFileReference; lastKnownFileType = wrapper.xcdatamodel; path = RoadView.xcdatamodel; sourceTree = "<group>"; };
		C8AD8BD11E8DBE730095AD99 /* Assets.xcassets */ = {isa = PBXFileReference; lastKnownFileType = folder.assetcatalog; path = Assets.xcassets; sourceTree = "<group>"; };
		C8AD8BD41E8DBE730095AD99 /* Base */ = {isa = PBXFileReference; lastKnownFileType = file.storyboard; name = Base; path = Base.lproj/LaunchScreen.storyboard; sourceTree = "<group>"; };
		C8AD8BD61E8DBE730095AD99 /* Info.plist */ = {isa = PBXFileReference; lastKnownFileType = text.plist.xml; path = Info.plist; sourceTree = "<group>"; };
		C8AD8BDC1E8DBEFD0095AD99 /* RoadView-Bridging-Header.h */ = {isa = PBXFileReference; lastKnownFileType = sourcecode.c.h; path = "RoadView-Bridging-Header.h"; sourceTree = "<group>"; };
		C8AD8BDF1E8DBF440095AD99 /* MapTasks.swift */ = {isa = PBXFileReference; fileEncoding = 4; lastKnownFileType = sourcecode.swift; path = MapTasks.swift; sourceTree = "<group>"; };
		C8AD8BE21E8DCED40095AD99 /* search.png */ = {isa = PBXFileReference; lastKnownFileType = image.png; name = search.png; path = ../../../Downloads/search.png; sourceTree = "<group>"; };
		C8F34DFA8977BF4D288B2031 /* Pods-RoadView.debug.xcconfig */ = {isa = PBXFileReference; includeInIndex = 1; lastKnownFileType = text.xcconfig; name = "Pods-RoadView.debug.xcconfig"; path = "Pods/Target Support Files/Pods-RoadView/Pods-RoadView.debug.xcconfig"; sourceTree = "<group>"; };
/* End PBXFileReference section */

/* Begin PBXFrameworksBuildPhase section */
		C8AD8BC11E8DBE730095AD99 /* Frameworks */ = {
			isa = PBXFrameworksBuildPhase;
			buildActionMask = 2147483647;
			files = (
				4A7053C4CB199941A6EFF6AE /* libPods-RoadView.a in Frameworks */,
			);
			runOnlyForDeploymentPostprocessing = 0;
		};
/* End PBXFrameworksBuildPhase section */

/* Begin PBXGroup section */
		1585AE8CCBBD20ECD811A550 /* Frameworks */ = {
			isa = PBXGroup;
			children = (
				661F6C18F33670C1D0AA4DFB /* libPods-RoadView.a */,
			);
			name = Frameworks;
			sourceTree = "<group>";
		};
		C8AD8BBB1E8DBE730095AD99 = {
			isa = PBXGroup;
			children = (
				C8AD8BC61E8DBE730095AD99 /* RoadView */,
				C8AD8BE11E8DCEC40095AD99 /* Images */,
				C8AD8BC51E8DBE730095AD99 /* Products */,
				DBE8E312C402AE331B14A374 /* Pods */,
				1585AE8CCBBD20ECD811A550 /* Frameworks */,
			);
			sourceTree = "<group>";
		};
		C8AD8BC51E8DBE730095AD99 /* Products */ = {
			isa = PBXGroup;
			children = (
				C8AD8BC41E8DBE730095AD99 /* RoadView.app */,
			);
			name = Products;
			sourceTree = "<group>";
		};
		C8AD8BC61E8DBE730095AD99 /* RoadView */ = {
			isa = PBXGroup;
			children = (
				C8AD8BC71E8DBE730095AD99 /* AppDelegate.swift */,
				C8AD8BC91E8DBE730095AD99 /* ViewController.swift */,
				C8AD8BDF1E8DBF440095AD99 /* MapTasks.swift */,
				C8AD8BCB1E8DBE730095AD99 /* Main.storyboard */,
				C8AD8BD11E8DBE730095AD99 /* Assets.xcassets */,
				C8AD8BD31E8DBE730095AD99 /* LaunchScreen.storyboard */,
				C8AD8BD61E8DBE730095AD99 /* Info.plist */,
				C8AD8BCE1E8DBE730095AD99 /* RoadView.xcdatamodeld */,
				C8AD8BDC1E8DBEFD0095AD99 /* RoadView-Bridging-Header.h */,
			);
			path = RoadView;
			sourceTree = "<group>";
		};
		C8AD8BE11E8DCEC40095AD99 /* Images */ = {
			isa = PBXGroup;
			children = (
				C8AD8BE21E8DCED40095AD99 /* search.png */,
			);
			name = Images;
			path = RoadView;
			sourceTree = "<group>";
		};
		DBE8E312C402AE331B14A374 /* Pods */ = {
			isa = PBXGroup;
			children = (
				C8F34DFA8977BF4D288B2031 /* Pods-RoadView.debug.xcconfig */,
				2B629E53CF6BA92C99043CA3 /* Pods-RoadView.release.xcconfig */,
			);
			name = Pods;
			sourceTree = "<group>";
		};
/* End PBXGroup section */

/* Begin PBXNativeTarget section */
		C8AD8BC31E8DBE730095AD99 /* RoadView */ = {
			isa = PBXNativeTarget;
			buildConfigurationList = C8AD8BD91E8DBE730095AD99 /* Build configuration list for PBXNativeTarget "RoadView" */;
			buildPhases = (
				DDEC6A0A9F5FD1B772C68FFD /* [CP] Check Pods Manifest.lock */,
				C8AD8BC01E8DBE730095AD99 /* Sources */,
				C8AD8BC11E8DBE730095AD99 /* Frameworks */,
				C8AD8BC21E8DBE730095AD99 /* Resources */,
				F54ED59F71C0168A9F691AB0 /* [CP] Embed Pods Frameworks */,
				4896A8D5369E877F172B0761 /* [CP] Copy Pods Resources */,
			);
			buildRules = (
			);
			dependencies = (
			);
			name = RoadView;
			productName = RoadView;
			productReference = C8AD8BC41E8DBE730095AD99 /* RoadView.app */;
			productType = "com.apple.product-type.application";
		};
/* End PBXNativeTarget section */

/* Begin PBXProject section */
		C8AD8BBC1E8DBE730095AD99 /* Project object */ = {
			isa = PBXProject;
			attributes = {
				LastSwiftUpdateCheck = 0830;
				LastUpgradeCheck = 0830;
				ORGANIZATIONNAME = "Aditya Emani";
				TargetAttributes = {
					C8AD8BC31E8DBE730095AD99 = {
						CreatedOnToolsVersion = 8.3;
						DevelopmentTeam = MK3EREN6D7;
						LastSwiftMigration = 0830;
						ProvisioningStyle = Automatic;
					};
				};
			};
			buildConfigurationList = C8AD8BBF1E8DBE730095AD99 /* Build configuration list for PBXProject "RoadView" */;
			compatibilityVersion = "Xcode 3.2";
			developmentRegion = English;
			hasScannedForEncodings = 0;
			knownRegions = (
				en,
				Base,
			);
			mainGroup = C8AD8BBB1E8DBE730095AD99;
			productRefGroup = C8AD8BC51E8DBE730095AD99 /* Products */;
			projectDirPath = "";
			projectRoot = "";
			targets = (
				C8AD8BC31E8DBE730095AD99 /* RoadView */,
			);
		};
/* End PBXProject section */

/* Begin PBXResourcesBuildPhase section */
		C8AD8BC21E8DBE730095AD99 /* Resources */ = {
			isa = PBXResourcesBuildPhase;
			buildActionMask = 2147483647;
			files = (
				C8AD8BD51E8DBE730095AD99 /* LaunchScreen.storyboard in Resources */,
				C8AD8BD21E8DBE730095AD99 /* Assets.xcassets in Resources */,
				C8AD8BCD1E8DBE730095AD99 /* Main.storyboard in Resources */,
				C8AD8BE31E8DCED40095AD99 /* search.png in Resources */,
			);
			runOnlyForDeploymentPostprocessing = 0;
		};
/* End PBXResourcesBuildPhase section */

/* Begin PBXShellScriptBuildPhase section */
		4896A8D5369E877F172B0761 /* [CP] Copy Pods Resources */ = {
			isa = PBXShellScriptBuildPhase;
			buildActionMask = 2147483647;
			files = (
			);
			inputPaths = (
			);
			name = "[CP] Copy Pods Resources";
			outputPaths = (
			);
			runOnlyForDeploymentPostprocessing = 0;
			shellPath = /bin/sh;
			shellScript = "\"${SRCROOT}/Pods/Target Support Files/Pods-RoadView/Pods-RoadView-resources.sh\"\n";
			showEnvVarsInLog = 0;
		};
		DDEC6A0A9F5FD1B772C68FFD /* [CP] Check Pods Manifest.lock */ = {
			isa = PBXShellScriptBuildPhase;
			buildActionMask = 2147483647;
			files = (
			);
			inputPaths = (
			);
			name = "[CP] Check Pods Manifest.lock";
			outputPaths = (
			);
			runOnlyForDeploymentPostprocessing = 0;
			shellPath = /bin/sh;
			shellScript = "diff \"${PODS_ROOT}/../Podfile.lock\" \"${PODS_ROOT}/Manifest.lock\" > /dev/null\nif [ $? != 0 ] ; then\n    # print error to STDERR\n    echo \"error: The sandbox is not in sync with the Podfile.lock. Run 'pod install' or update your CocoaPods installation.\" >&2\n    exit 1\nfi\n";
			showEnvVarsInLog = 0;
		};
		F54ED59F71C0168A9F691AB0 /* [CP] Embed Pods Frameworks */ = {
			isa = PBXShellScriptBuildPhase;
			buildActionMask = 2147483647;
			files = (
			);
			inputPaths = (
			);
			name = "[CP] Embed Pods Frameworks";
			outputPaths = (
			);
			runOnlyForDeploymentPostprocessing = 0;
			shellPath = /bin/sh;
			shellScript = "\"${SRCROOT}/Pods/Target Support Files/Pods-RoadView/Pods-RoadView-frameworks.sh\"\n";
			showEnvVarsInLog = 0;
		};
/* End PBXShellScriptBuildPhase section */

/* Begin PBXSourcesBuildPhase section */
		C8AD8BC01E8DBE730095AD99 /* Sources */ = {
			isa = PBXSourcesBuildPhase;
			buildActionMask = 2147483647;
			files = (
				C8AD8BCA1E8DBE730095AD99 /* ViewController.swift in Sources */,
				C8AD8BE01E8DBF440095AD99 /* MapTasks.swift in Sources */,
				C8AD8BD01E8DBE730095AD99 /* RoadView.xcdatamodeld in Sources */,
				C8AD8BC81E8DBE730095AD99 /* AppDelegate.swift in Sources */,
			);
			runOnlyForDeploymentPostprocessing = 0;
		};
/* End PBXSourcesBuildPhase section */

/* Begin PBXVariantGroup section */
		C8AD8BCB1E8DBE730095AD99 /* Main.storyboard */ = {
			isa = PBXVariantGroup;
			children = (
				C8AD8BCC1E8DBE730095AD99 /* Base */,
			);
			name = Main.storyboard;
			sourceTree = "<group>";
		};
		C8AD8BD31E8DBE730095AD99 /* LaunchScreen.storyboard */ = {
			isa = PBXVariantGroup;
			children = (
				C8AD8BD41E8DBE730095AD99 /* Base */,
			);
			name = LaunchScreen.storyboard;
			sourceTree = "<group>";
		};
/* End PBXVariantGroup section */

/* Begin XCBuildConfiguration section */
		C8AD8BD71E8DBE730095AD99 /* Debug */ = {
			isa = XCBuildConfiguration;
			buildSettings = {
				ALWAYS_SEARCH_USER_PATHS = NO;
				CLANG_ANALYZER_NONNULL = YES;
				CLANG_ANALYZER_NUMBER_OBJECT_CONVERSION = YES_AGGRESSIVE;
				CLANG_CXX_LANGUAGE_STANDARD = "gnu++0x";
				CLANG_CXX_LIBRARY = "libc++";
				CLANG_ENABLE_MODULES = YES;
				CLANG_ENABLE_OBJC_ARC = YES;
				CLANG_WARN_BOOL_CONVERSION = YES;
				CLANG_WARN_CONSTANT_CONVERSION = YES;
				CLANG_WARN_DIRECT_OBJC_ISA_USAGE = YES_ERROR;
				CLANG_WARN_DOCUMENTATION_COMMENTS = YES;
				CLANG_WARN_EMPTY_BODY = YES;
				CLANG_WARN_ENUM_CONVERSION = YES;
				CLANG_WARN_INFINITE_RECURSION = YES;
				CLANG_WARN_INT_CONVERSION = YES;
				CLANG_WARN_OBJC_ROOT_CLASS = YES_ERROR;
				CLANG_WARN_SUSPICIOUS_MOVE = YES;
				CLANG_WARN_UNREACHABLE_CODE = YES;
				CLANG_WARN__DUPLICATE_METHOD_MATCH = YES;
				"CODE_SIGN_IDENTITY[sdk=iphoneos*]" = "iPhone Developer";
				COPY_PHASE_STRIP = NO;
				DEBUG_INFORMATION_FORMAT = dwarf;
				ENABLE_STRICT_OBJC_MSGSEND = YES;
				ENABLE_TESTABILITY = YES;
				GCC_C_LANGUAGE_STANDARD = gnu99;
				GCC_DYNAMIC_NO_PIC = NO;
				GCC_NO_COMMON_BLOCKS = YES;
				GCC_OPTIMIZATION_LEVEL = 0;
				GCC_PREPROCESSOR_DEFINITIONS = (
					"DEBUG=1",
					"$(inherited)",
				);
				GCC_WARN_64_TO_32_BIT_CONVERSION = YES;
				GCC_WARN_ABOUT_RETURN_TYPE = YES_ERROR;
				GCC_WARN_UNDECLARED_SELECTOR = YES;
				GCC_WARN_UNINITIALIZED_AUTOS = YES_AGGRESSIVE;
				GCC_WARN_UNUSED_FUNCTION = YES;
				GCC_WARN_UNUSED_VARIABLE = YES;
				IPHONEOS_DEPLOYMENT_TARGET = 10.3;
				MTL_ENABLE_DEBUG_INFO = YES;
				ONLY_ACTIVE_ARCH = YES;
				SDKROOT = iphoneos;
				SWIFT_ACTIVE_COMPILATION_CONDITIONS = DEBUG;
				SWIFT_OPTIMIZATION_LEVEL = "-Onone";
				TARGETED_DEVICE_FAMILY = "1,2";
			};
			name = Debug;
		};
		C8AD8BD81E8DBE730095AD99 /* Release */ = {
			isa = XCBuildConfiguration;
			buildSettings = {
				ALWAYS_SEARCH_USER_PATHS = NO;
				CLANG_ANALYZER_NONNULL = YES;
				CLANG_ANALYZER_NUMBER_OBJECT_CONVERSION = YES_AGGRESSIVE;
				CLANG_CXX_LANGUAGE_STANDARD = "gnu++0x";
				CLANG_CXX_LIBRARY = "libc++";
				CLANG_ENABLE_MODULES = YES;
				CLANG_ENABLE_OBJC_ARC = YES;
				CLANG_WARN_BOOL_CONVERSION = YES;
				CLANG_WARN_CONSTANT_CONVERSION = YES;
				CLANG_WARN_DIRECT_OBJC_ISA_USAGE = YES_ERROR;
				CLANG_WARN_DOCUMENTATION_COMMENTS = YES;
				CLANG_WARN_EMPTY_BODY = YES;
				CLANG_WARN_ENUM_CONVERSION = YES;
				CLANG_WARN_INFINITE_RECURSION = YES;
				CLANG_WARN_INT_CONVERSION = YES;
				CLANG_WARN_OBJC_ROOT_CLASS = YES_ERROR;
				CLANG_WARN_SUSPICIOUS_MOVE = YES;
				CLANG_WARN_UNREACHABLE_CODE = YES;
				CLANG_WARN__DUPLICATE_METHOD_MATCH = YES;
				"CODE_SIGN_IDENTITY[sdk=iphoneos*]" = "iPhone Developer";
				COPY_PHASE_STRIP = NO;
				DEBUG_INFORMATION_FORMAT = "dwarf-with-dsym";
				ENABLE_NS_ASSERTIONS = NO;
				ENABLE_STRICT_OBJC_MSGSEND = YES;
				GCC_C_LANGUAGE_STANDARD = gnu99;
				GCC_NO_COMMON_BLOCKS = YES;
				GCC_WARN_64_TO_32_BIT_CONVERSION = YES;
				GCC_WARN_ABOUT_RETURN_TYPE = YES_ERROR;
				GCC_WARN_UNDECLARED_SELECTOR = YES;
				GCC_WARN_UNINITIALIZED_AUTOS = YES_AGGRESSIVE;
				GCC_WARN_UNUSED_FUNCTION = YES;
				GCC_WARN_UNUSED_VARIABLE = YES;
				IPHONEOS_DEPLOYMENT_TARGET = 10.3;
				MTL_ENABLE_DEBUG_INFO = NO;
				SDKROOT = iphoneos;
				SWIFT_OPTIMIZATION_LEVEL = "-Owholemodule";
				TARGETED_DEVICE_FAMILY = "1,2";
				VALIDATE_PRODUCT = YES;
			};
			name = Release;
		};
		C8AD8BDA1E8DBE730095AD99 /* Debug */ = {
			isa = XCBuildConfiguration;
			baseConfigurationReference = C8F34DFA8977BF4D288B2031 /* Pods-RoadView.debug.xcconfig */;
			buildSettings = {
				ASSETCATALOG_COMPILER_APPICON_NAME = AppIcon;
				CLANG_ENABLE_MODULES = YES;
				DEVELOPMENT_TEAM = MK3EREN6D7;
				INFOPLIST_FILE = RoadView/Info.plist;
				LD_RUNPATH_SEARCH_PATHS = "$(inherited) @executable_path/Frameworks";
				PRODUCT_BUNDLE_IDENTIFIER = ae.RoadView;
				PRODUCT_NAME = "$(TARGET_NAME)";
				SWIFT_OBJC_BRIDGING_HEADER = "RoadView/RoadView-Bridging-Header.h";
				SWIFT_OPTIMIZATION_LEVEL = "-Onone";
				SWIFT_VERSION = 3.0;
			};
			name = Debug;
		};
		C8AD8BDB1E8DBE730095AD99 /* Release */ = {
			isa = XCBuildConfiguration;
			baseConfigurationReference = 2B629E53CF6BA92C99043CA3 /* Pods-RoadView.release.xcconfig */;
			buildSettings = {
				ASSETCATALOG_COMPILER_APPICON_NAME = AppIcon;
				CLANG_ENABLE_MODULES = YES;
				DEVELOPMENT_TEAM = MK3EREN6D7;
				INFOPLIST_FILE = RoadView/Info.plist;
				LD_RUNPATH_SEARCH_PATHS = "$(inherited) @executable_path/Frameworks";
				PRODUCT_BUNDLE_IDENTIFIER = ae.RoadView;
				PRODUCT_NAME = "$(TARGET_NAME)";
				SWIFT_OBJC_BRIDGING_HEADER = "RoadView/RoadView-Bridging-Header.h";
				SWIFT_VERSION = 3.0;
			};
			name = Release;
		};
/* End XCBuildConfiguration section */

/* Begin XCConfigurationList section */
		C8AD8BBF1E8DBE730095AD99 /* Build configuration list for PBXProject "RoadView" */ = {
			isa = XCConfigurationList;
			buildConfigurations = (
				C8AD8BD71E8DBE730095AD99 /* Debug */,
				C8AD8BD81E8DBE730095AD99 /* Release */,
			);
			defaultConfigurationIsVisible = 0;
			defaultConfigurationName = Release;
		};
		C8AD8BD91E8DBE730095AD99 /* Build configuration list for PBXNativeTarget "RoadView" */ = {
			isa = XCConfigurationList;
			buildConfigurations = (
				C8AD8BDA1E8DBE730095AD99 /* Debug */,
				C8AD8BDB1E8DBE730095AD99 /* Release */,
			);
			defaultConfigurationIsVisible = 0;
			defaultConfigurationName = Release;
		};
/* End XCConfigurationList section */

/* Begin XCVersionGroup section */
		C8AD8BCE1E8DBE730095AD99 /* RoadView.xcdatamodeld */ = {
			isa = XCVersionGroup;
			children = (
				C8AD8BCF1E8DBE730095AD99 /* RoadView.xcdatamodel */,
			);
			currentVersion = C8AD8BCF1E8DBE730095AD99 /* RoadView.xcdatamodel */;
			path = RoadView.xcdatamodeld;
			sourceTree = "<group>";
			versionGroupType = wrapper.xcdatamodel;
		};
/* End XCVersionGroup section */
	};
	rootObject = C8AD8BBC1E8DBE730095AD99 /* Project object */;
}
